
Microsoft Visual Studio Solution File, Format Version 12.00
# Visual Studio Version 17
VisualStudioVersion = 17.10.35013.160
MinimumVisualStudioVersion = 10.0.40219.1
Project("{9A19103F-16F7-4668-BE54-9A1E7A4F7556}") = "MagixFinalist", "MagixFinalist\MagixFinalist\MagixFinalist.csproj", "{281B75A7-7C59-47FC-883F-D0276ED1DFFE}"
EndProject
Project("{9A19103F-16F7-4668-BE54-9A1E7A4F7556}") = "MagixFinalist.Client", "MagixFinalist\MagixFinalist.Client\MagixFinalist.Client.csproj", "{B06D8590-9295-41B7-952B-56C7AE8ACE34}"
EndProject
Global
	GlobalSection(SolutionConfigurationPlatforms) = preSolution
		Debug|Any CPU = Debug|Any CPU
		Release|Any CPU = Release|Any CPU
	EndGlobalSection
	GlobalSection(ProjectConfigurationPlatforms) = postSolution
		{281B75A7-7C59-47FC-883F-D0276ED1DFFE}.Debug|Any CPU.ActiveCfg = Debug|Any CPU
		{281B75A7-7C59-47FC-883F-D0276ED1DFFE}.Debug|Any CPU.Build.0 = Debug|Any CPU
		{281B75A7-7C59-47FC-883F-D0276ED1DFFE}.Release|Any CPU.ActiveCfg = Release|Any CPU
		{281B75A7-7C59-47FC-883F-D0276ED1DFFE}.Release|Any CPU.Build.0 = Release|Any CPU
		{B06D8590-9295-41B7-952B-56C7AE8ACE34}.Debug|Any CPU.ActiveCfg = Debug|Any CPU
		{B06D8590-9295-41B7-952B-56C7AE8ACE34}.Debug|Any CPU.Build.0 = Debug|Any CPU
		{B06D8590-9295-41B7-952B-56C7AE8ACE34}.Release|Any CPU.ActiveCfg = Release|Any CPU
		{B06D8590-9295-41B7-952B-56C7AE8ACE34}.Release|Any CPU.Build.0 = Release|Any CPU
	EndGlobalSection
	GlobalSection(SolutionProperties) = preSolution
		HideSolutionNode = FALSE
	EndGlobalSection
	GlobalSection(ExtensibilityGlobals) = postSolution
		SolutionGuid = {A6A55AEB-D986-497A-BB7F-1DC23726EF77}
	EndGlobalSection
EndGlobal
